
Microsoft Visual Studio Solution File, Format Version 12.00
# Visual Studio Version 17
VisualStudioVersion = 17.0.32014.148
MinimumVisualStudioVersion = 10.0.40219.1
Project("{FAE04EC0-301F-11D3-BF4B-00C04F79EFBC}") = "RealMadrid", "RealMadrid\RealMadrid.csproj", "{8E8DD752-07F9-47A5-8B6E-E0C2863A3CAF}"
EndProject
Global
	GlobalSection(SolutionConfigurationPlatforms) = preSolution
		Debug|Any CPU = Debug|Any CPU
		Release|Any CPU = Release|Any CPU
	EndGlobalSection
	GlobalSection(ProjectConfigurationPlatforms) = postSolution
		{8E8DD752-07F9-47A5-8B6E-E0C2863A3CAF}.Debug|Any CPU.ActiveCfg = Debug|Any CPU
		{8E8DD752-07F9-47A5-8B6E-E0C2863A3CAF}.Debug|Any CPU.Build.0 = Debug|Any CPU
		{8E8DD752-07F9-47A5-8B6E-E0C2863A3CAF}.Release|Any CPU.ActiveCfg = Release|Any CPU
		{8E8DD752-07F9-47A5-8B6E-E0C2863A3CAF}.Release|Any CPU.Build.0 = Release|Any CPU
	EndGlobalSection
	GlobalSection(SolutionProperties) = preSolution
		HideSolutionNode = FALSE
	EndGlobalSection
	GlobalSection(ExtensibilityGlobals) = postSolution
		SolutionGuid = {C6B713E4-C1C7-4F6C-9D78-4BD1BAA5B35E}
	EndGlobalSection
EndGlobal
